
Microsoft Visual Studio Solution File, Format Version 10.00
# Visual Studio 2008
Project("{FAE04EC0-301F-11D3-BF4B-00C04F79EFBC}") = "LedShow_Led5k", "LedShow_Led5k\LedShow_Led5k.csproj", "{AB3804E1-13D2-41A1-89D4-40C5002081DC}"
EndProject
Global
	GlobalSection(SolutionConfigurationPlatforms) = preSolution
		Debug|Any CPU = Debug|Any CPU
		Release|Any CPU = Release|Any CPU
	EndGlobalSection
	GlobalSection(ProjectConfigurationPlatforms) = postSolution
		{AB3804E1-13D2-41A1-89D4-40C5002081DC}.Debug|Any CPU.ActiveCfg = Debug|Any CPU
		{AB3804E1-13D2-41A1-89D4-40C5002081DC}.Debug|Any CPU.Build.0 = Debug|Any CPU
		{AB3804E1-13D2-41A1-89D4-40C5002081DC}.Release|Any CPU.ActiveCfg = Release|Any CPU
		{AB3804E1-13D2-41A1-89D4-40C5002081DC}.Release|Any CPU.Build.0 = Release|Any CPU
	EndGlobalSection
	GlobalSection(SolutionProperties) = preSolution
		HideSolutionNode = FALSE
	EndGlobalSection
EndGlobal
